
Microsoft Visual Studio Solution File, Format Version 12.00
# Visual Studio Version 16
VisualStudioVersion = 16.0.30225.117
MinimumVisualStudioVersion = 10.0.40219.1
Project("{FAE04EC0-301F-11D3-BF4B-00C04F79EFBC}") = "Proyecto 6 Polimorfismo", "Proyecto 6 Polimorfismo.csproj", "{C61913D5-EBBD-4CE9-9966-188324B249DB}"
EndProject
Global
	GlobalSection(SolutionConfigurationPlatforms) = preSolution
		Debug|Any CPU = Debug|Any CPU
		Release|Any CPU = Release|Any CPU
	EndGlobalSection
	GlobalSection(ProjectConfigurationPlatforms) = postSolution
		{C61913D5-EBBD-4CE9-9966-188324B249DB}.Debug|Any CPU.ActiveCfg = Debug|Any CPU
		{C61913D5-EBBD-4CE9-9966-188324B249DB}.Debug|Any CPU.Build.0 = Debug|Any CPU
		{C61913D5-EBBD-4CE9-9966-188324B249DB}.Release|Any CPU.ActiveCfg = Release|Any CPU
		{C61913D5-EBBD-4CE9-9966-188324B249DB}.Release|Any CPU.Build.0 = Release|Any CPU
	EndGlobalSection
	GlobalSection(SolutionProperties) = preSolution
		HideSolutionNode = FALSE
	EndGlobalSection
	GlobalSection(ExtensibilityGlobals) = postSolution
		SolutionGuid = {5A4E2F1E-119A-4D4B-83CA-37D159CA497F}
	EndGlobalSection
EndGlobal
